
Microsoft Visual Studio Solution File, Format Version 12.00
# Visual Studio 14
VisualStudioVersion = 14.0.25420.1
MinimumVisualStudioVersion = 10.0.40219.1
Project("{FAE04EC0-301F-11D3-BF4B-00C04F79EFBC}") = "BzwIO", "BzwIO\BzwIO.csproj", "{4C5393F4-0040-41C3-A7EF-A6692BDA7E59}"
EndProject
Project("{FAE04EC0-301F-11D3-BF4B-00C04F79EFBC}") = "ReaderTest", "ReaderTest\ReaderTest.csproj", "{3F012837-E7A3-4BC7-9044-728766C5CFCE}"
EndProject
Global
	GlobalSection(SolutionConfigurationPlatforms) = preSolution
		Debug|Any CPU = Debug|Any CPU
		Release|Any CPU = Release|Any CPU
	EndGlobalSection
	GlobalSection(ProjectConfigurationPlatforms) = postSolution
		{4C5393F4-0040-41C3-A7EF-A6692BDA7E59}.Debug|Any CPU.ActiveCfg = Debug|Any CPU
		{4C5393F4-0040-41C3-A7EF-A6692BDA7E59}.Debug|Any CPU.Build.0 = Debug|Any CPU
		{4C5393F4-0040-41C3-A7EF-A6692BDA7E59}.Release|Any CPU.ActiveCfg = Release|Any CPU
		{4C5393F4-0040-41C3-A7EF-A6692BDA7E59}.Release|Any CPU.Build.0 = Release|Any CPU
		{3F012837-E7A3-4BC7-9044-728766C5CFCE}.Debug|Any CPU.ActiveCfg = Debug|Any CPU
		{3F012837-E7A3-4BC7-9044-728766C5CFCE}.Debug|Any CPU.Build.0 = Debug|Any CPU
		{3F012837-E7A3-4BC7-9044-728766C5CFCE}.Release|Any CPU.ActiveCfg = Release|Any CPU
		{3F012837-E7A3-4BC7-9044-728766C5CFCE}.Release|Any CPU.Build.0 = Release|Any CPU
	EndGlobalSection
	GlobalSection(SolutionProperties) = preSolution
		HideSolutionNode = FALSE
	EndGlobalSection
EndGlobal
